
Microsoft Visual Studio Solution File, Format Version 12.00
# Visual Studio Version 16
VisualStudioVersion = 16.0.32228.343
MinimumVisualStudioVersion = 10.0.40219.1
Project("{FAE04EC0-301F-11D3-BF4B-00C04F79EFBC}") = "GymWebAPI", "GymWebAPI\GymWebAPI.csproj", "{C3F879AB-22EA-4176-ADC8-EE1BBA3D7027}"
EndProject
Global
	GlobalSection(SolutionConfigurationPlatforms) = preSolution
		Debug|Any CPU = Debug|Any CPU
		Release|Any CPU = Release|Any CPU
	EndGlobalSection
	GlobalSection(ProjectConfigurationPlatforms) = postSolution
		{C3F879AB-22EA-4176-ADC8-EE1BBA3D7027}.Debug|Any CPU.ActiveCfg = Debug|Any CPU
		{C3F879AB-22EA-4176-ADC8-EE1BBA3D7027}.Debug|Any CPU.Build.0 = Debug|Any CPU
		{C3F879AB-22EA-4176-ADC8-EE1BBA3D7027}.Release|Any CPU.ActiveCfg = Release|Any CPU
		{C3F879AB-22EA-4176-ADC8-EE1BBA3D7027}.Release|Any CPU.Build.0 = Release|Any CPU
	EndGlobalSection
	GlobalSection(SolutionProperties) = preSolution
		HideSolutionNode = FALSE
	EndGlobalSection
	GlobalSection(ExtensibilityGlobals) = postSolution
		SolutionGuid = {5AAED9C5-C45D-403D-A381-A9A66F517FBC}
	EndGlobalSection
EndGlobal
